
Microsoft Visual Studio Solution File, Format Version 12.00
Project("{FAE04EC0-301F-11D3-BF4B-00C04F79EFBC}") = "DistanceDotNet", "DistanceDotNet\DistanceDotNet.csproj", "{7E273937-6D28-455C-9C03-162D5BDC7954}"
EndProject
Project("{FAE04EC0-301F-11D3-BF4B-00C04F79EFBC}") = "DistanceDotNetTests", "DistanceDotNetTests\DistanceDotNetTests.csproj", "{21DA2407-2388-4AF8-B227-58A503B9AA02}"
EndProject
Global
	GlobalSection(SolutionConfigurationPlatforms) = preSolution
		Debug|Any CPU = Debug|Any CPU
		Release|Any CPU = Release|Any CPU
	EndGlobalSection
	GlobalSection(ProjectConfigurationPlatforms) = postSolution
		{7E273937-6D28-455C-9C03-162D5BDC7954}.Debug|Any CPU.ActiveCfg = Debug|Any CPU
		{7E273937-6D28-455C-9C03-162D5BDC7954}.Debug|Any CPU.Build.0 = Debug|Any CPU
		{7E273937-6D28-455C-9C03-162D5BDC7954}.Release|Any CPU.ActiveCfg = Release|Any CPU
		{7E273937-6D28-455C-9C03-162D5BDC7954}.Release|Any CPU.Build.0 = Release|Any CPU
		{21DA2407-2388-4AF8-B227-58A503B9AA02}.Debug|Any CPU.ActiveCfg = Debug|Any CPU
		{21DA2407-2388-4AF8-B227-58A503B9AA02}.Debug|Any CPU.Build.0 = Debug|Any CPU
		{21DA2407-2388-4AF8-B227-58A503B9AA02}.Release|Any CPU.ActiveCfg = Release|Any CPU
		{21DA2407-2388-4AF8-B227-58A503B9AA02}.Release|Any CPU.Build.0 = Release|Any CPU
	EndGlobalSection
EndGlobal
